
Microsoft Visual Studio Solution File, Format Version 12.00
# Visual Studio 14
VisualStudioVersion = 14.0.25420.1
MinimumVisualStudioVersion = 10.0.40219.1
Project("{FAE04EC0-301F-11D3-BF4B-00C04F79EFBC}") = "AgainstAlzheimerForms", "AgainstAlzheimerForms\AgainstAlzheimerForms.csproj", "{AB932B20-93F8-4442-A9F7-14E804A6B783}"
EndProject
Project("{FAE04EC0-301F-11D3-BF4B-00C04F79EFBC}") = "AgainstAlzheimerLibrary", "AgainstAlzheimerLibrary\AgainstAlzheimerLibrary.csproj", "{0DEF35A2-52EF-4502-B413-B0E2FB6CC8BD}"
EndProject
Global
	GlobalSection(SolutionConfigurationPlatforms) = preSolution
		Debug|Any CPU = Debug|Any CPU
		Release|Any CPU = Release|Any CPU
	EndGlobalSection
	GlobalSection(ProjectConfigurationPlatforms) = postSolution
		{AB932B20-93F8-4442-A9F7-14E804A6B783}.Debug|Any CPU.ActiveCfg = Debug|Any CPU
		{AB932B20-93F8-4442-A9F7-14E804A6B783}.Debug|Any CPU.Build.0 = Debug|Any CPU
		{AB932B20-93F8-4442-A9F7-14E804A6B783}.Release|Any CPU.ActiveCfg = Release|Any CPU
		{AB932B20-93F8-4442-A9F7-14E804A6B783}.Release|Any CPU.Build.0 = Release|Any CPU
		{0DEF35A2-52EF-4502-B413-B0E2FB6CC8BD}.Debug|Any CPU.ActiveCfg = Debug|Any CPU
		{0DEF35A2-52EF-4502-B413-B0E2FB6CC8BD}.Debug|Any CPU.Build.0 = Debug|Any CPU
		{0DEF35A2-52EF-4502-B413-B0E2FB6CC8BD}.Release|Any CPU.ActiveCfg = Release|Any CPU
		{0DEF35A2-52EF-4502-B413-B0E2FB6CC8BD}.Release|Any CPU.Build.0 = Release|Any CPU
	EndGlobalSection
	GlobalSection(SolutionProperties) = preSolution
		HideSolutionNode = FALSE
	EndGlobalSection
EndGlobal
